Microsoft Visual Studio Solution File, Format Version 12.00
# Visual Studio Version 17
VisualStudioVersion = 17.5.2.0
MinimumVisualStudioVersion = 10.0.40219.1
Project("{FAE04EC0-301F-11D3-BF4B-00C04F79EFBC}") = "proyectoBackendAmadeusNet", "proyectoBackendAmadeusNet.csproj", "{5BC71B22-244A-5586-87E5-20870D39D957}"
EndProject
Global
	GlobalSection(SolutionConfigurationPlatforms) = preSolution
		Debug|Any CPU = Debug|Any CPU
		Release|Any CPU = Release|Any CPU
	EndGlobalSection
	GlobalSection(ProjectConfigurationPlatforms) = postSolution
		{5BC71B22-244A-5586-87E5-20870D39D957}.Debug|Any CPU.ActiveCfg = Debug|Any CPU
		{5BC71B22-244A-5586-87E5-20870D39D957}.Debug|Any CPU.Build.0 = Debug|Any CPU
		{5BC71B22-244A-5586-87E5-20870D39D957}.Release|Any CPU.ActiveCfg = Release|Any CPU
		{5BC71B22-244A-5586-87E5-20870D39D957}.Release|Any CPU.Build.0 = Release|Any CPU
	EndGlobalSection
	GlobalSection(SolutionProperties) = preSolution
		HideSolutionNode = FALSE
	EndGlobalSection
	GlobalSection(ExtensibilityGlobals) = postSolution
		SolutionGuid = {11071297-9D3C-4CC4-8220-C16F8C10B56D}
	EndGlobalSection
EndGlobal
